<?xml version="1.0" encoding="utf-8"?>
<Project ToolsVersion="4.0" xmlns="http://schemas.microsoft.com/developer/msbuild/2003">
  <ItemGroup>
    <ClCompile Include="Render\Camera.cpp">
      <Filter>Render</Filter>
    </ClCompile>
    <ClCompile Include="Render\Render.cpp">
      <Filter>Render</Filter>
    </ClCompile>
    <ClCompile Include="RenderUtils.cpp" />
    <ClCompile Include="main.cpp" />
    <ClCompile Include="callbacks.cpp" />
    <ClCompile Include="Practicas\Particle.cpp">
      <Filter>Practicas</Filter>
    </ClCompile>
    <ClCompile Include="Practicas\Scenes\SceneP1.cpp">
      <Filter>Practicas\Scenes</Filter>
    </ClCompile>
    <ClCompile Include="Practicas\Scenes\SceneP2.cpp">
      <Filter>Practicas\Scenes</Filter>
    </ClCompile>
    <ClCompile Include="Practicas\Scenes\SceneP3.cpp" />
    <ClCompile Include="Practicas\Scenes\SceneP4.cpp" />
    <ClCompile Include="Practicas\Systems\SpringSystem.cpp" />
    <ClCompile Include="Practicas\Systems\WindSystem.cpp" />
    <ClCompile Include="Practicas\Particles\SRigidBody.cpp" />
    <ClCompile Include="Practicas\Particles\DRigidBody.cpp" />
    <ClCompile Include="Proyecto\ProySystem.cpp" />
  </ItemGroup>
  <ItemGroup>
    <ClInclude Include="core.hpp" />
    <ClInclude Include="Render\Camera.h">
      <Filter>Render</Filter>
    </ClInclude>
    <ClInclude Include="Render\Render.h">
      <Filter>Render</Filter>
    </ClInclude>
    <ClInclude Include="RenderUtils.hpp" />
    <ClInclude Include="callbacks.hpp" />
    <ClInclude Include="Practicas\ParticleSystem.h">
      <Filter>Practicas</Filter>
    </ClInclude>
    <ClInclude Include="Practicas\Particle.h">
      <Filter>Practicas</Filter>
    </ClInclude>
    <ClInclude Include="Practicas\ParticleGenerator.h">
      <Filter>Practicas</Filter>
    </ClInclude>
    <ClInclude Include="Practicas\Generators\UniformParticleGenerator.h">
      <Filter>Practicas\Generators</Filter>
    </ClInclude>
    <ClInclude Include="Practicas\Generators\CircleGenerator.h">
      <Filter>Practicas\Generators</Filter>
    </ClInclude>
    <ClInclude Include="Practicas\Generators\GaussianParticleGenerator.h">
      <Filter>Practicas\Generators</Filter>
    </ClInclude>
    <ClInclude Include="Practicas\Particles\Firework.h">
      <Filter>Practicas\Particles</Filter>
    </ClInclude>
    <ClInclude Include="Practicas\Particles\Water.h">
      <Filter>Practicas\Particles</Filter>
    </ClInclude>
    <ClInclude Include="Practicas\Scenes\SceneP2.h">
      <Filter>Practicas\Scenes</Filter>
    </ClInclude>
    <ClInclude Include="Practicas\Scenes\SceneP1.h">
      <Filter>Practicas\Scenes</Filter>
    </ClInclude>
    <ClInclude Include="Practicas\Systems\FireworksSystem.h">
      <Filter>Practicas\Systems</Filter>
    </ClInclude>
    <ClInclude Include="Practicas\Systems\WaterSystem.h">
      <Filter>Practicas\Systems</Filter>
    </ClInclude>
    <ClInclude Include="Practicas\Generators\HeartGenerator.h" />
    <ClInclude Include="Practicas\Systems\MistSystem.h" />
    <ClInclude Include="Practicas\Generators\MistGenerator.h" />
    <ClInclude Include="Practicas\ForceGenerator.h" />
    <ClInclude Include="Practicas\ParticleForceRegistry.h" />
    <ClInclude Include="Practicas\Particles\Projectile.h" />
    <ClInclude Include="Practicas\Particles\Mist.h" />
    <ClInclude Include="Practicas\Scenes\SceneP3.h" />
    <ClInclude Include="Practicas\ForceGenerators\GravityForceGenerator.h" />
    <ClInclude Include="Practicas\Systems\GravitySystem.h" />
    <ClInclude Include="Practicas\ForceGenerators\WindForceGenerator.h" />
    <ClInclude Include="Practicas\Systems\WindSystem.h" />
    <ClInclude Include="Practicas\ForceGenerators\TornadoForceGenerator.h" />
    <ClInclude Include="Practicas\Systems\ExplosionSystem.h" />
    <ClInclude Include="Practicas\ParticleForceSystem.h" />
    <ClInclude Include="Practicas\ForceGenerators\ExplosionForceGenerator.h" />
    <ClInclude Include="Practicas\Scenes\SceneP4.h" />
    <ClInclude Include="Practicas\ForceGenerators\SpringForceGenerator.h" />
    <ClInclude Include="Practicas\Systems\SpringSystem.h" />
    <ClInclude Include="Practicas\ForceGenerators\BuoyancyForceGenerator.h" />
    <ClInclude Include="Practicas\ForceGenerators\ElasticRubberForceGenerator.h" />
    <ClInclude Include="Practicas\ForceGenerators\DragForceGenerator.h" />
    <ClInclude Include="Practicas\Systems\RigidCubesSystem.h" />
    <ClInclude Include="Practicas\Particles\SRigidBody.h" />
    <ClInclude Include="Practicas\Particles\DRigidBody.h" />
    <ClInclude Include="Definitions.h" />
    <ClInclude Include="Proyecto\ProySystem.h" />
    <ClInclude Include="Proyecto\Pin.h" />
    <ClInclude Include="Proyecto\ImpulseForceGenerator.h" />
    <ClInclude Include="Proyecto\Booster.h" />
    <ClInclude Include="Proyecto\BoosterCallback.h" />
    <ClInclude Include="checkMemLeaks.h" />
    <ClInclude Include="Proyecto\Barrel.h" />
    <ClInclude Include="Proyecto\Debris.h" />
    <ClInclude Include="Proyecto\Smoke.h" />
  </ItemGroup>
  <ItemGroup>
    <Filter Include="Render">
      <UniqueIdentifier>{d04b4f9f-5a69-465e-8070-25c6d0bcd3c2}</UniqueIdentifier>
    </Filter>
    <Filter Include="Practicas">
      <UniqueIdentifier>{46ed9275-aa0d-4484-9b1a-8908650ab871}</UniqueIdentifier>
    </Filter>
    <Filter Include="Practicas\Generators">
      <UniqueIdentifier>{18ffbd97-30d1-4636-9613-0679653f9805}</UniqueIdentifier>
    </Filter>
    <Filter Include="Practicas\Particles">
      <UniqueIdentifier>{cef2f818-306b-49b5-804f-e098fa554e8e}</UniqueIdentifier>
    </Filter>
    <Filter Include="Practicas\Scenes">
      <UniqueIdentifier>{dfdf577d-11d1-4941-9b93-e08d634d80bf}</UniqueIdentifier>
    </Filter>
    <Filter Include="Practicas\Systems">
      <UniqueIdentifier>{165c4f0b-579e-499a-8fef-8e3c72ac70e7}</UniqueIdentifier>
    </Filter>
  </ItemGroup>
</Project>